
Microsoft Visual Studio Solution File, Format Version 12.00
# Visual Studio Version 17
VisualStudioVersion = 17.12.35527.113
MinimumVisualStudioVersion = 10.0.40219.1
Project("{FAE04EC0-301F-11D3-BF4B-00C04F79EFBC}") = "Jobs.API", "Jobs.API\Jobs.API.csproj", "{26DF5FB2-DC19-4A47-BE40-E8DC04BDC854}"
EndProject
Project("{2150E333-8FDC-42A3-9474-1A3956D46DE8}") = "Solution Items", "Solution Items", "{69EF575D-153F-412C-B2DB-3CB6FDB6E0DE}"
	ProjectSection(SolutionItems) = preProject
		docker-compose.yml = docker-compose.yml
	EndProjectSection
EndProject
Global
	GlobalSection(SolutionConfigurationPlatforms) = preSolution
		Debug|Any CPU = Debug|Any CPU
		Release|Any CPU = Release|Any CPU
	EndGlobalSection
	GlobalSection(ProjectConfigurationPlatforms) = postSolution
		{26DF5FB2-DC19-4A47-BE40-E8DC04BDC854}.Debug|Any CPU.ActiveCfg = Debug|Any CPU
		{26DF5FB2-DC19-4A47-BE40-E8DC04BDC854}.Debug|Any CPU.Build.0 = Debug|Any CPU
		{26DF5FB2-DC19-4A47-BE40-E8DC04BDC854}.Release|Any CPU.ActiveCfg = Release|Any CPU
		{26DF5FB2-DC19-4A47-BE40-E8DC04BDC854}.Release|Any CPU.Build.0 = Release|Any CPU
	EndGlobalSection
	GlobalSection(SolutionProperties) = preSolution
		HideSolutionNode = FALSE
	EndGlobalSection
EndGlobal
